<?xml version="1.0" encoding="utf-8"?>
<Project ToolsVersion="4.0" xmlns="http://schemas.microsoft.com/developer/msbuild/2003">
  <ItemGroup>
    <Filter Include="Исходные файлы">
      <UniqueIdentifier>{4FC737F1-C7A5-4376-A066-2A32D752A2FF}</UniqueIdentifier>
      <Extensions>cpp;c;cc;cxx;c++;cppm;ixx;def;odl;idl;hpj;bat;asm;asmx</Extensions>
    </Filter>
    <Filter Include="Файлы заголовков">
      <UniqueIdentifier>{93995380-89BD-4b04-88EB-625FBE52EBFB}</UniqueIdentifier>
      <Extensions>h;hh;hpp;hxx;h++;hm;inl;inc;ipp;xsd</Extensions>
    </Filter>
    <Filter Include="Файлы ресурсов">
      <UniqueIdentifier>{67DA6AB6-F800-4c08-8B7A-83BB121AAD01}</UniqueIdentifier>
      <Extensions>rc;ico;cur;bmp;dlg;rc2;rct;bin;rgs;gif;jpg;jpeg;jpe;resx;tiff;tif;png;wav;mfcribbon-ms</Extensions>
    </Filter>
    <Filter Include="resources">
      <UniqueIdentifier>{5a893296-4d60-4b02-be98-3426331f13aa}</UniqueIdentifier>
    </Filter>
    <Filter Include="Файлы заголовков\COMPS">
      <UniqueIdentifier>{3bb27d1f-3160-424e-b4f4-de973e5be5d7}</UniqueIdentifier>
    </Filter>
    <Filter Include="Файлы заголовков\TOOLS">
      <UniqueIdentifier>{d9cb48dd-eb1f-4a8e-8c43-b26c641b4f9a}</UniqueIdentifier>
    </Filter>
    <Filter Include="Файлы заголовков\TOOLS\ReadySlots">
      <UniqueIdentifier>{55e952e4-7423-4335-af11-a975258445b3}</UniqueIdentifier>
    </Filter>
    <Filter Include="Исходные файлы\SDK">
      <UniqueIdentifier>{21b0703f-047c-4f18-8602-d69c43a280cc}</UniqueIdentifier>
    </Filter>
  </ItemGroup>
  <ItemGroup>
    <ClCompile Include="main.cpp">
      <Filter>Исходные файлы</Filter>
    </ClCompile>
    <ClCompile Include="src\Animated_Entity.cpp">
      <Filter>Исходные файлы\SDK</Filter>
    </ClCompile>
    <ClCompile Include="src\Collider.cpp">
      <Filter>Исходные файлы\SDK</Filter>
    </ClCompile>
    <ClCompile Include="src\Connectable.cpp">
      <Filter>Исходные файлы\SDK</Filter>
    </ClCompile>
    <ClCompile Include="src\Core.cpp">
      <Filter>Исходные файлы\SDK</Filter>
    </ClCompile>
    <ClCompile Include="src\Entity.cpp">
      <Filter>Исходные файлы\SDK</Filter>
    </ClCompile>
    <ClCompile Include="src\Handle_Collider_Slot.cpp">
      <Filter>Исходные файлы\SDK</Filter>
    </ClCompile>
    <ClCompile Include="src\Handle_Collision_Slot.cpp">
      <Filter>Исходные файлы\SDK</Filter>
    </ClCompile>
    <ClCompile Include="src\Intersection_Area.cpp">
      <Filter>Исходные файлы\SDK</Filter>
    </ClCompile>
    <ClCompile Include="src\Media_Manager.cpp">
      <Filter>Исходные файлы\SDK</Filter>
    </ClCompile>
    <ClCompile Include="src\Resource_Manager.cpp">
      <Filter>Исходные файлы\SDK</Filter>
    </ClCompile>
    <ClCompile Include="src\Scene.cpp">
      <Filter>Исходные файлы\SDK</Filter>
    </ClCompile>
    <ClCompile Include="src\Scene_Component.cpp">
      <Filter>Исходные файлы\SDK</Filter>
    </ClCompile>
    <ClCompile Include="src\Script.cpp">
      <Filter>Исходные файлы\SDK</Filter>
    </ClCompile>
    <ClCompile Include="src\Signal.cpp">
      <Filter>Исходные файлы\SDK</Filter>
    </ClCompile>
    <ClCompile Include="src\Slot.cpp">
      <Filter>Исходные файлы\SDK</Filter>
    </ClCompile>
  </ItemGroup>
  <ItemGroup>
    <ClInclude Include="include\foxAndDot-SDK\Core.h">
      <Filter>Файлы заголовков</Filter>
    </ClInclude>
    <ClInclude Include="include\foxAndDot-SDK\Media_Manager.h">
      <Filter>Файлы заголовков</Filter>
    </ClInclude>
    <ClInclude Include="include\foxAndDot-SDK\Resource_Manager.h">
      <Filter>Файлы заголовков</Filter>
    </ClInclude>
    <ClInclude Include="include\foxAndDot-SDK\Components\Entity.h">
      <Filter>Файлы заголовков\COMPS</Filter>
    </ClInclude>
    <ClInclude Include="include\foxAndDot-SDK\Components\Animated_Entity.h">
      <Filter>Файлы заголовков\COMPS</Filter>
    </ClInclude>
    <ClInclude Include="include\foxAndDot-SDK\Components\Intersection_Area.h">
      <Filter>Файлы заголовков\COMPS</Filter>
    </ClInclude>
    <ClInclude Include="include\foxAndDot-SDK\Tools\Executable.h">
      <Filter>Файлы заголовков\TOOLS</Filter>
    </ClInclude>
    <ClInclude Include="include\foxAndDot-SDK\Tools\Script.h">
      <Filter>Файлы заголовков\TOOLS</Filter>
    </ClInclude>
    <ClInclude Include="include\foxAndDot-SDK\Tools\Connectable.h">
      <Filter>Файлы заголовков\TOOLS</Filter>
    </ClInclude>
    <ClInclude Include="include\foxAndDot-SDK\Tools\Signal.h">
      <Filter>Файлы заголовков\TOOLS</Filter>
    </ClInclude>
    <ClInclude Include="include\foxAndDot-SDK\Tools\Slot.h">
      <Filter>Файлы заголовков\TOOLS</Filter>
    </ClInclude>
    <ClInclude Include="include\foxAndDot-SDK\Tools\Scene.h">
      <Filter>Файлы заголовков\TOOLS</Filter>
    </ClInclude>
    <ClInclude Include="include\foxAndDot-SDK\Components\Scene_Component.h">
      <Filter>Файлы заголовков\COMPS</Filter>
    </ClInclude>
    <ClInclude Include="include\foxAndDot-SDK\Tools\Ready slots\Handle_Collider_Slot.h">
      <Filter>Файлы заголовков\TOOLS\ReadySlots</Filter>
    </ClInclude>
    <ClInclude Include="include\foxAndDot-SDK\Tools\Ready slots\Handle_Collision_Slot.h">
      <Filter>Файлы заголовков\TOOLS\ReadySlots</Filter>
    </ClInclude>
    <ClInclude Include="include\foxAndDot-SDK\Tools\Resource_Types.h">
      <Filter>Файлы заголовков\TOOLS</Filter>
    </ClInclude>
    <ClInclude Include="include\foxAndDot-SDK\Tools\Collider.h">
      <Filter>Файлы заголовков\TOOLS</Filter>
    </ClInclude>
  </ItemGroup>
</Project>